
Microsoft Visual Studio Solution File, Format Version 12.00
# Visual Studio Version 17
VisualStudioVersion = 17.6.33829.357
MinimumVisualStudioVersion = 10.0.40219.1
Project("{FAE04EC0-301F-11D3-BF4B-00C04F79EFBC}") = "WebApplication1", "WebApplication1\WebApplication1.csproj", "{4C4DC9B0-BFE9-447A-BF2E-45BBC46C2CDF}"
EndProject
Global
	GlobalSection(SolutionConfigurationPlatforms) = preSolution
		Debug|Any CPU = Debug|Any CPU
		Release|Any CPU = Release|Any CPU
	EndGlobalSection
	GlobalSection(ProjectConfigurationPlatforms) = postSolution
		{4C4DC9B0-BFE9-447A-BF2E-45BBC46C2CDF}.Debug|Any CPU.ActiveCfg = Debug|Any CPU
		{4C4DC9B0-BFE9-447A-BF2E-45BBC46C2CDF}.Debug|Any CPU.Build.0 = Debug|Any CPU
		{4C4DC9B0-BFE9-447A-BF2E-45BBC46C2CDF}.Release|Any CPU.ActiveCfg = Release|Any CPU
		{4C4DC9B0-BFE9-447A-BF2E-45BBC46C2CDF}.Release|Any CPU.Build.0 = Release|Any CPU
	EndGlobalSection
	GlobalSection(SolutionProperties) = preSolution
		HideSolutionNode = FALSE
	EndGlobalSection
	GlobalSection(ExtensibilityGlobals) = postSolution
		SolutionGuid = {0EAA6FEF-08A8-4C40-8F5A-9494059A1315}
	EndGlobalSection
EndGlobal
